
Microsoft Visual Studio Solution File, Format Version 12.00
# Visual Studio 15
VisualStudioVersion = 15.0.28307.438
MinimumVisualStudioVersion = 10.0.40219.1
Project("{FAE04EC0-301F-11D3-BF4B-00C04F79EFBC}") = "MyFirstGame", "MyFirstGame\MyFirstGame.csproj", "{23FCF99B-539B-4D6C-91BF-12C7F491805E}"
EndProject
Global
	GlobalSection(SolutionConfigurationPlatforms) = preSolution
		Debug|Any CPU = Debug|Any CPU
		Release|Any CPU = Release|Any CPU
	EndGlobalSection
	GlobalSection(ProjectConfigurationPlatforms) = postSolution
		{23FCF99B-539B-4D6C-91BF-12C7F491805E}.Debug|Any CPU.ActiveCfg = Debug|Any CPU
		{23FCF99B-539B-4D6C-91BF-12C7F491805E}.Debug|Any CPU.Build.0 = Debug|Any CPU
		{23FCF99B-539B-4D6C-91BF-12C7F491805E}.Release|Any CPU.ActiveCfg = Release|Any CPU
		{23FCF99B-539B-4D6C-91BF-12C7F491805E}.Release|Any CPU.Build.0 = Release|Any CPU
	EndGlobalSection
	GlobalSection(SolutionProperties) = preSolution
		HideSolutionNode = FALSE
	EndGlobalSection
	GlobalSection(ExtensibilityGlobals) = postSolution
		SolutionGuid = {B83C7800-11AE-4591-9473-73DBB75362F4}
	EndGlobalSection
EndGlobal
